
Microsoft Visual Studio Solution File, Format Version 12.00
# Visual Studio 15
Project("{FAE04EC0-301F-11D3-BF4B-00C04F79EFBC}") = "Assembly-CSharp", "Assembly-CSharp.csproj", "{A9CB6FF5-58ED-6DB4-76E6-35BB73A19AA5}"
EndProject
Project("{FAE04EC0-301F-11D3-BF4B-00C04F79EFBC}") = "Assembly-CSharp-Editor", "Assembly-CSharp-Editor.csproj", "{81D8308A-FC11-0D64-C238-6CEF292F44E4}"
EndProject
Global
	GlobalSection(SolutionConfigurationPlatforms) = preSolution
		Debug|Any CPU = Debug|Any CPU
		Release|Any CPU = Release|Any CPU
	EndGlobalSection
	GlobalSection(ProjectConfigurationPlatforms) = postSolution
		{A9CB6FF5-58ED-6DB4-76E6-35BB73A19AA5}.Debug|Any CPU.ActiveCfg = Debug|Any CPU
		{A9CB6FF5-58ED-6DB4-76E6-35BB73A19AA5}.Debug|Any CPU.Build.0 = Debug|Any CPU
		{A9CB6FF5-58ED-6DB4-76E6-35BB73A19AA5}.Release|Any CPU.ActiveCfg = Release|Any CPU
		{A9CB6FF5-58ED-6DB4-76E6-35BB73A19AA5}.Release|Any CPU.Build.0 = Release|Any CPU
		{81D8308A-FC11-0D64-C238-6CEF292F44E4}.Debug|Any CPU.ActiveCfg = Debug|Any CPU
		{81D8308A-FC11-0D64-C238-6CEF292F44E4}.Debug|Any CPU.Build.0 = Debug|Any CPU
		{81D8308A-FC11-0D64-C238-6CEF292F44E4}.Release|Any CPU.ActiveCfg = Release|Any CPU
		{81D8308A-FC11-0D64-C238-6CEF292F44E4}.Release|Any CPU.Build.0 = Release|Any CPU
	EndGlobalSection
	GlobalSection(SolutionProperties) = preSolution
		HideSolutionNode = FALSE
	EndGlobalSection
EndGlobal
